// !$*UTF8*$!
{
	archiveVersion = 1;
	classes = {
	};
	objectVersion = 56;
	objects = {

/* Begin PBXBuildFile section */
		3257C46D2C44250800FF44FC /* NodesListApp.swift in Sources */ = {isa = PBXBuildFile; fileRef = 3257C46C2C44250800FF44FC /* NodesListApp.swift */; };
		3257C46F2C44250800FF44FC /* ContentView.swift in Sources */ = {isa = PBXBuildFile; fileRef = 3257C46E2C44250800FF44FC /* ContentView.swift */; };
		3257C4712C44250900FF44FC /* Assets.xcassets in Resources */ = {isa = PBXBuildFile; fileRef = 3257C4702C44250900FF44FC /* Assets.xcassets */; };
		3257C4742C44250900FF44FC /* Preview Assets.xcassets in Resources */ = {isa = PBXBuildFile; fileRef = 3257C4732C44250900FF44FC /* Preview Assets.xcassets */; };
		3257C47E2C44250900FF44FC /* NodesListTests.swift in Sources */ = {isa = PBXBuildFile; fileRef = 3257C47D2C44250900FF44FC /* NodesListTests.swift */; };
		3257C4882C44250900FF44FC /* NodesListUITests.swift in Sources */ = {isa = PBXBuildFile; fileRef = 3257C4872C44250900FF44FC /* NodesListUITests.swift */; };
		3257C48A2C44250900FF44FC /* NodesListUITestsLaunchTests.swift in Sources */ = {isa = PBXBuildFile; fileRef = 3257C4892C44250900FF44FC /* NodesListUITestsLaunchTests.swift */; };
		3257C4972C44284500FF44FC /* NodeModel.swift in Sources */ = {isa = PBXBuildFile; fileRef = 3257C4962C44284500FF44FC /* NodeModel.swift */; };
		3257C49E2C442BCB00FF44FC /* NodeListItemView.swift in Sources */ = {isa = PBXBuildFile; fileRef = 3257C49D2C442BCB00FF44FC /* NodeListItemView.swift */; };
		3257C4A12C442FD100FF44FC /* LosslessStringConvertibleExtension.swift in Sources */ = {isa = PBXBuildFile; fileRef = 3257C4A02C442FD100FF44FC /* LosslessStringConvertibleExtension.swift */; };
		3257C4A32C44311200FF44FC /* LosslessStringConvertibleTests.swift in Sources */ = {isa = PBXBuildFile; fileRef = 3257C4A22C44311200FF44FC /* LosslessStringConvertibleTests.swift */; };
		3257C4A52C44380400FF44FC /* HeaderAndBodyView.swift in Sources */ = {isa = PBXBuildFile; fileRef = 3257C4A42C44380400FF44FC /* HeaderAndBodyView.swift */; };
		3257C4A72C443CFB00FF44FC /* DateExtension.swift in Sources */ = {isa = PBXBuildFile; fileRef = 3257C4A62C443CFB00FF44FC /* DateExtension.swift */; };
		3257C4A92C44405500FF44FC /* DateToStringTests.swift in Sources */ = {isa = PBXBuildFile; fileRef = 3257C4A82C44405500FF44FC /* DateToStringTests.swift */; };
/* End PBXBuildFile section */

/* Begin PBXContainerItemProxy section */
		3257C47A2C44250900FF44FC /* PBXContainerItemProxy */ = {
			isa = PBXContainerItemProxy;
			containerPortal = 3257C4612C44250800FF44FC /* Project object */;
			proxyType = 1;
			remoteGlobalIDString = 3257C4682C44250800FF44FC;
			remoteInfo = NodesList;
		};
		3257C4842C44250900FF44FC /* PBXContainerItemProxy */ = {
			isa = PBXContainerItemProxy;
			containerPortal = 3257C4612C44250800FF44FC /* Project object */;
			proxyType = 1;
			remoteGlobalIDString = 3257C4682C44250800FF44FC;
			remoteInfo = NodesList;
		};
/* End PBXContainerItemProxy section */

/* Begin PBXFileReference section */
		3257C4692C44250800FF44FC /* NodesList.app */ = {isa = PBXFileReference; explicitFileType = wrapper.application; includeInIndex = 0; path = NodesList.app; sourceTree = BUILT_PRODUCTS_DIR; };
		3257C46C2C44250800FF44FC /* NodesListApp.swift */ = {isa = PBXFileReference; lastKnownFileType = sourcecode.swift; path = NodesListApp.swift; sourceTree = "<group>"; };
		3257C46E2C44250800FF44FC /* ContentView.swift */ = {isa = PBXFileReference; lastKnownFileType = sourcecode.swift; path = ContentView.swift; sourceTree = "<group>"; };
		3257C4702C44250900FF44FC /* Assets.xcassets */ = {isa = PBXFileReference; lastKnownFileType = folder.assetcatalog; path = Assets.xcassets; sourceTree = "<group>"; };
		3257C4732C44250900FF44FC /* Preview Assets.xcassets */ = {isa = PBXFileReference; lastKnownFileType = folder.assetcatalog; path = "Preview Assets.xcassets"; sourceTree = "<group>"; };
		3257C4792C44250900FF44FC /* NodesListTests.xctest */ = {isa = PBXFileReference; explicitFileType = wrapper.cfbundle; includeInIndex = 0; path = NodesListTests.xctest; sourceTree = BUILT_PRODUCTS_DIR; };
		3257C47D2C44250900FF44FC /* NodesListTests.swift */ = {isa = PBXFileReference; lastKnownFileType = sourcecode.swift; path = NodesListTests.swift; sourceTree = "<group>"; };
		3257C4832C44250900FF44FC /* NodesListUITests.xctest */ = {isa = PBXFileReference; explicitFileType = wrapper.cfbundle; includeInIndex = 0; path = NodesListUITests.xctest; sourceTree = BUILT_PRODUCTS_DIR; };
		3257C4872C44250900FF44FC /* NodesListUITests.swift */ = {isa = PBXFileReference; lastKnownFileType = sourcecode.swift; path = NodesListUITests.swift; sourceTree = "<group>"; };
		3257C4892C44250900FF44FC /* NodesListUITestsLaunchTests.swift */ = {isa = PBXFileReference; lastKnownFileType = sourcecode.swift; path = NodesListUITestsLaunchTests.swift; sourceTree = "<group>"; };
		3257C4962C44284500FF44FC /* NodeModel.swift */ = {isa = PBXFileReference; lastKnownFileType = sourcecode.swift; path = NodeModel.swift; sourceTree = "<group>"; };
		3257C49D2C442BCB00FF44FC /* NodeListItemView.swift */ = {isa = PBXFileReference; lastKnownFileType = sourcecode.swift; path = NodeListItemView.swift; sourceTree = "<group>"; };
		3257C4A02C442FD100FF44FC /* LosslessStringConvertibleExtension.swift */ = {isa = PBXFileReference; lastKnownFileType = sourcecode.swift; path = LosslessStringConvertibleExtension.swift; sourceTree = "<group>"; };
		3257C4A22C44311200FF44FC /* LosslessStringConvertibleTests.swift */ = {isa = PBXFileReference; lastKnownFileType = sourcecode.swift; path = LosslessStringConvertibleTests.swift; sourceTree = "<group>"; };
		3257C4A42C44380400FF44FC /* HeaderAndBodyView.swift */ = {isa = PBXFileReference; lastKnownFileType = sourcecode.swift; path = HeaderAndBodyView.swift; sourceTree = "<group>"; };
		3257C4A62C443CFB00FF44FC /* DateExtension.swift */ = {isa = PBXFileReference; lastKnownFileType = sourcecode.swift; path = DateExtension.swift; sourceTree = "<group>"; };
		3257C4A82C44405500FF44FC /* DateToStringTests.swift */ = {isa = PBXFileReference; lastKnownFileType = sourcecode.swift; path = DateToStringTests.swift; sourceTree = "<group>"; };
/* End PBXFileReference section */

/* Begin PBXFrameworksBuildPhase section */
		3257C4662C44250800FF44FC /* Frameworks */ = {
			isa = PBXFrameworksBuildPhase;
			buildActionMask = 2147483647;
			files = (
			);
			runOnlyForDeploymentPostprocessing = 0;
		};
		3257C4762C44250900FF44FC /* Frameworks */ = {
			isa = PBXFrameworksBuildPhase;
			buildActionMask = 2147483647;
			files = (
			);
			runOnlyForDeploymentPostprocessing = 0;
		};
		3257C4802C44250900FF44FC /* Frameworks */ = {
			isa = PBXFrameworksBuildPhase;
			buildActionMask = 2147483647;
			files = (
			);
			runOnlyForDeploymentPostprocessing = 0;
		};
/* End PBXFrameworksBuildPhase section */

/* Begin PBXGroup section */
		3257C4602C44250800FF44FC = {
			isa = PBXGroup;
			children = (
				3257C46B2C44250800FF44FC /* NodesList */,
				3257C47C2C44250900FF44FC /* NodesListTests */,
				3257C4862C44250900FF44FC /* NodesListUITests */,
				3257C46A2C44250800FF44FC /* Products */,
			);
			sourceTree = "<group>";
		};
		3257C46A2C44250800FF44FC /* Products */ = {
			isa = PBXGroup;
			children = (
				3257C4692C44250800FF44FC /* NodesList.app */,
				3257C4792C44250900FF44FC /* NodesListTests.xctest */,
				3257C4832C44250900FF44FC /* NodesListUITests.xctest */,
			);
			name = Products;
			sourceTree = "<group>";
		};
		3257C46B2C44250800FF44FC /* NodesList */ = {
			isa = PBXGroup;
			children = (
				3257C49F2C442FBC00FF44FC /* Utils */,
				3257C4992C442A7100FF44FC /* Data */,
				3257C46C2C44250800FF44FC /* NodesListApp.swift */,
				3257C46E2C44250800FF44FC /* ContentView.swift */,
				3257C4702C44250900FF44FC /* Assets.xcassets */,
				3257C4722C44250900FF44FC /* Preview Content */,
			);
			path = NodesList;
			sourceTree = "<group>";
		};
		3257C4722C44250900FF44FC /* Preview Content */ = {
			isa = PBXGroup;
			children = (
				3257C4732C44250900FF44FC /* Preview Assets.xcassets */,
			);
			path = "Preview Content";
			sourceTree = "<group>";
		};
		3257C47C2C44250900FF44FC /* NodesListTests */ = {
			isa = PBXGroup;
			children = (
				3257C47D2C44250900FF44FC /* NodesListTests.swift */,
				3257C4A22C44311200FF44FC /* LosslessStringConvertibleTests.swift */,
				3257C4A82C44405500FF44FC /* DateToStringTests.swift */,
			);
			path = NodesListTests;
			sourceTree = "<group>";
		};
		3257C4862C44250900FF44FC /* NodesListUITests */ = {
			isa = PBXGroup;
			children = (
				3257C4872C44250900FF44FC /* NodesListUITests.swift */,
				3257C4892C44250900FF44FC /* NodesListUITestsLaunchTests.swift */,
			);
			path = NodesListUITests;
			sourceTree = "<group>";
		};
		3257C4992C442A7100FF44FC /* Data */ = {
			isa = PBXGroup;
			children = (
				3257C49C2C442B7700FF44FC /* Views */,
				3257C49B2C442A7D00FF44FC /* Models */,
			);
			path = Data;
			sourceTree = "<group>";
		};
		3257C49B2C442A7D00FF44FC /* Models */ = {
			isa = PBXGroup;
			children = (
				3257C4962C44284500FF44FC /* NodeModel.swift */,
			);
			path = Models;
			sourceTree = "<group>";
		};
		3257C49C2C442B7700FF44FC /* Views */ = {
			isa = PBXGroup;
			children = (
				3257C49D2C442BCB00FF44FC /* NodeListItemView.swift */,
				3257C4A42C44380400FF44FC /* HeaderAndBodyView.swift */,
			);
			path = Views;
			sourceTree = "<group>";
		};
		3257C49F2C442FBC00FF44FC /* Utils */ = {
			isa = PBXGroup;
			children = (
				3257C4A02C442FD100FF44FC /* LosslessStringConvertibleExtension.swift */,
				3257C4A62C443CFB00FF44FC /* DateExtension.swift */,
			);
			path = Utils;
			sourceTree = "<group>";
		};
/* End PBXGroup section */

/* Begin PBXNativeTarget section */
		3257C4682C44250800FF44FC /* NodesList */ = {
			isa = PBXNativeTarget;
			buildConfigurationList = 3257C48D2C44250900FF44FC /* Build configuration list for PBXNativeTarget "NodesList" */;
			buildPhases = (
				3257C4652C44250800FF44FC /* Sources */,
				3257C4662C44250800FF44FC /* Frameworks */,
				3257C4672C44250800FF44FC /* Resources */,
			);
			buildRules = (
			);
			dependencies = (
			);
			name = NodesList;
			productName = NodesList;
			productReference = 3257C4692C44250800FF44FC /* NodesList.app */;
			productType = "com.apple.product-type.application";
		};
		3257C4782C44250900FF44FC /* NodesListTests */ = {
			isa = PBXNativeTarget;
			buildConfigurationList = 3257C4902C44250900FF44FC /* Build configuration list for PBXNativeTarget "NodesListTests" */;
			buildPhases = (
				3257C4752C44250900FF44FC /* Sources */,
				3257C4762C44250900FF44FC /* Frameworks */,
				3257C4772C44250900FF44FC /* Resources */,
			);
			buildRules = (
			);
			dependencies = (
				3257C47B2C44250900FF44FC /* PBXTargetDependency */,
			);
			name = NodesListTests;
			productName = NodesListTests;
			productReference = 3257C4792C44250900FF44FC /* NodesListTests.xctest */;
			productType = "com.apple.product-type.bundle.unit-test";
		};
		3257C4822C44250900FF44FC /* NodesListUITests */ = {
			isa = PBXNativeTarget;
			buildConfigurationList = 3257C4932C44250900FF44FC /* Build configuration list for PBXNativeTarget "NodesListUITests" */;
			buildPhases = (
				3257C47F2C44250900FF44FC /* Sources */,
				3257C4802C44250900FF44FC /* Frameworks */,
				3257C4812C44250900FF44FC /* Resources */,
			);
			buildRules = (
			);
			dependencies = (
				3257C4852C44250900FF44FC /* PBXTargetDependency */,
			);
			name = NodesListUITests;
			productName = NodesListUITests;
			productReference = 3257C4832C44250900FF44FC /* NodesListUITests.xctest */;
			productType = "com.apple.product-type.bundle.ui-testing";
		};
/* End PBXNativeTarget section */

/* Begin PBXProject section */
		3257C4612C44250800FF44FC /* Project object */ = {
			isa = PBXProject;
			attributes = {
				BuildIndependentTargetsInParallel = 1;
				LastSwiftUpdateCheck = 1530;
				LastUpgradeCheck = 1530;
				TargetAttributes = {
					3257C4682C44250800FF44FC = {
						CreatedOnToolsVersion = 15.3;
					};
					3257C4782C44250900FF44FC = {
						CreatedOnToolsVersion = 15.3;
						TestTargetID = 3257C4682C44250800FF44FC;
					};
					3257C4822C44250900FF44FC = {
						CreatedOnToolsVersion = 15.3;
						TestTargetID = 3257C4682C44250800FF44FC;
					};
				};
			};
			buildConfigurationList = 3257C4642C44250800FF44FC /* Build configuration list for PBXProject "NodesList" */;
			compatibilityVersion = "Xcode 14.0";
			developmentRegion = en;
			hasScannedForEncodings = 0;
			knownRegions = (
				en,
				Base,
			);
			mainGroup = 3257C4602C44250800FF44FC;
			productRefGroup = 3257C46A2C44250800FF44FC /* Products */;
			projectDirPath = "";
			projectRoot = "";
			targets = (
				3257C4682C44250800FF44FC /* NodesList */,
				3257C4782C44250900FF44FC /* NodesListTests */,
				3257C4822C44250900FF44FC /* NodesListUITests */,
			);
		};
/* End PBXProject section */

/* Begin PBXResourcesBuildPhase section */
		3257C4672C44250800FF44FC /* Resources */ = {
			isa = PBXResourcesBuildPhase;
			buildActionMask = 2147483647;
			files = (
				3257C4742C44250900FF44FC /* Preview Assets.xcassets in Resources */,
				3257C4712C44250900FF44FC /* Assets.xcassets in Resources */,
			);
			runOnlyForDeploymentPostprocessing = 0;
		};
		3257C4772C44250900FF44FC /* Resources */ = {
			isa = PBXResourcesBuildPhase;
			buildActionMask = 2147483647;
			files = (
			);
			runOnlyForDeploymentPostprocessing = 0;
		};
		3257C4812C44250900FF44FC /* Resources */ = {
			isa = PBXResourcesBuildPhase;
			buildActionMask = 2147483647;
			files = (
			);
			runOnlyForDeploymentPostprocessing = 0;
		};
/* End PBXResourcesBuildPhase section */

/* Begin PBXSourcesBuildPhase section */
		3257C4652C44250800FF44FC /* Sources */ = {
			isa = PBXSourcesBuildPhase;
			buildActionMask = 2147483647;
			files = (
				3257C46F2C44250800FF44FC /* ContentView.swift in Sources */,
				3257C4A72C443CFB00FF44FC /* DateExtension.swift in Sources */,
				3257C46D2C44250800FF44FC /* NodesListApp.swift in Sources */,
				3257C49E2C442BCB00FF44FC /* NodeListItemView.swift in Sources */,
				3257C4A12C442FD100FF44FC /* LosslessStringConvertibleExtension.swift in Sources */,
				3257C4972C44284500FF44FC /* NodeModel.swift in Sources */,
				3257C4A52C44380400FF44FC /* HeaderAndBodyView.swift in Sources */,
			);
			runOnlyForDeploymentPostprocessing = 0;
		};
		3257C4752C44250900FF44FC /* Sources */ = {
			isa = PBXSourcesBuildPhase;
			buildActionMask = 2147483647;
			files = (
				3257C4A92C44405500FF44FC /* DateToStringTests.swift in Sources */,
				3257C47E2C44250900FF44FC /* NodesListTests.swift in Sources */,
				3257C4A32C44311200FF44FC /* LosslessStringConvertibleTests.swift in Sources */,
			);
			runOnlyForDeploymentPostprocessing = 0;
		};
		3257C47F2C44250900FF44FC /* Sources */ = {
			isa = PBXSourcesBuildPhase;
			buildActionMask = 2147483647;
			files = (
				3257C48A2C44250900FF44FC /* NodesListUITestsLaunchTests.swift in Sources */,
				3257C4882C44250900FF44FC /* NodesListUITests.swift in Sources */,
			);
			runOnlyForDeploymentPostprocessing = 0;
		};
/* End PBXSourcesBuildPhase section */

/* Begin PBXTargetDependency section */
		3257C47B2C44250900FF44FC /* PBXTargetDependency */ = {
			isa = PBXTargetDependency;
			target = 3257C4682C44250800FF44FC /* NodesList */;
			targetProxy = 3257C47A2C44250900FF44FC /* PBXContainerItemProxy */;
		};
		3257C4852C44250900FF44FC /* PBXTargetDependency */ = {
			isa = PBXTargetDependency;
			target = 3257C4682C44250800FF44FC /* NodesList */;
			targetProxy = 3257C4842C44250900FF44FC /* PBXContainerItemProxy */;
		};
/* End PBXTargetDependency section */

/* Begin XCBuildConfiguration section */
		3257C48B2C44250900FF44FC /* Debug */ = {
			isa = XCBuildConfiguration;
			buildSettings = {
				ALWAYS_SEARCH_USER_PATHS = NO;
				ASSETCATALOG_COMPILER_GENERATE_SWIFT_ASSET_SYMBOL_EXTENSIONS = YES;
				CLANG_ANALYZER_NONNULL = YES;
				CLANG_ANALYZER_NUMBER_OBJECT_CONVERSION = YES_AGGRESSIVE;
				CLANG_CXX_LANGUAGE_STANDARD = "gnu++20";
				CLANG_ENABLE_MODULES = YES;
				CLANG_ENABLE_OBJC_ARC = YES;
				CLANG_ENABLE_OBJC_WEAK = YES;
				CLANG_WARN_BLOCK_CAPTURE_AUTORELEASING = YES;
				CLANG_WARN_BOOL_CONVERSION = YES;
				CLANG_WARN_COMMA = YES;
				CLANG_WARN_CONSTANT_CONVERSION = YES;
				CLANG_WARN_DEPRECATED_OBJC_IMPLEMENTATIONS = YES;
				CLANG_WARN_DIRECT_OBJC_ISA_USAGE = YES_ERROR;
				CLANG_WARN_DOCUMENTATION_COMMENTS = YES;
				CLANG_WARN_EMPTY_BODY = YES;
				CLANG_WARN_ENUM_CONVERSION = YES;
				CLANG_WARN_INFINITE_RECURSION = YES;
				CLANG_WARN_INT_CONVERSION = YES;
				CLANG_WARN_NON_LITERAL_NULL_CONVERSION = YES;
				CLANG_WARN_OBJC_IMPLICIT_RETAIN_SELF = YES;
				CLANG_WARN_OBJC_LITERAL_CONVERSION = YES;
				CLANG_WARN_OBJC_ROOT_CLASS = YES_ERROR;
				CLANG_WARN_QUOTED_INCLUDE_IN_FRAMEWORK_HEADER = YES;
				CLANG_WARN_RANGE_LOOP_ANALYSIS = YES;
				CLANG_WARN_STRICT_PROTOTYPES = YES;
				CLANG_WARN_SUSPICIOUS_MOVE = YES;
				CLANG_WARN_UNGUARDED_AVAILABILITY = YES_AGGRESSIVE;
				CLANG_WARN_UNREACHABLE_CODE = YES;
				CLANG_WARN__DUPLICATE_METHOD_MATCH = YES;
				COPY_PHASE_STRIP = NO;
				DEBUG_INFORMATION_FORMAT = dwarf;
				ENABLE_STRICT_OBJC_MSGSEND = YES;
				ENABLE_TESTABILITY = YES;
				ENABLE_USER_SCRIPT_SANDBOXING = YES;
				GCC_C_LANGUAGE_STANDARD = gnu17;
				GCC_DYNAMIC_NO_PIC = NO;
				GCC_NO_COMMON_BLOCKS = YES;
				GCC_OPTIMIZATION_LEVEL = 0;
				GCC_PREPROCESSOR_DEFINITIONS = (
					"DEBUG=1",
					"$(inherited)",
				);
				GCC_WARN_64_TO_32_BIT_CONVERSION = YES;
				GCC_WARN_ABOUT_RETURN_TYPE = YES_ERROR;
				GCC_WARN_UNDECLARED_SELECTOR = YES;
				GCC_WARN_UNINITIALIZED_AUTOS = YES_AGGRESSIVE;
				GCC_WARN_UNUSED_FUNCTION = YES;
				GCC_WARN_UNUSED_VARIABLE = YES;
				IPHONEOS_DEPLOYMENT_TARGET = 17.4;
				LOCALIZATION_PREFERS_STRING_CATALOGS = YES;
				MTL_ENABLE_DEBUG_INFO = INCLUDE_SOURCE;
				MTL_FAST_MATH = YES;
				ONLY_ACTIVE_ARCH = YES;
				SDKROOT = iphoneos;
				SWIFT_ACTIVE_COMPILATION_CONDITIONS = "DEBUG $(inherited)";
				SWIFT_OPTIMIZATION_LEVEL = "-Onone";
			};
			name = Debug;
		};
		3257C48C2C44250900FF44FC /* Release */ = {
			isa = XCBuildConfiguration;
			buildSettings = {
				ALWAYS_SEARCH_USER_PATHS = NO;
				ASSETCATALOG_COMPILER_GENERATE_SWIFT_ASSET_SYMBOL_EXTENSIONS = YES;
				CLANG_ANALYZER_NONNULL = YES;
				CLANG_ANALYZER_NUMBER_OBJECT_CONVERSION = YES_AGGRESSIVE;
				CLANG_CXX_LANGUAGE_STANDARD = "gnu++20";
				CLANG_ENABLE_MODULES = YES;
				CLANG_ENABLE_OBJC_ARC = YES;
				CLANG_ENABLE_OBJC_WEAK = YES;
				CLANG_WARN_BLOCK_CAPTURE_AUTORELEASING = YES;
				CLANG_WARN_BOOL_CONVERSION = YES;
				CLANG_WARN_COMMA = YES;
				CLANG_WARN_CONSTANT_CONVERSION = YES;
				CLANG_WARN_DEPRECATED_OBJC_IMPLEMENTATIONS = YES;
				CLANG_WARN_DIRECT_OBJC_ISA_USAGE = YES_ERROR;
				CLANG_WARN_DOCUMENTATION_COMMENTS = YES;
				CLANG_WARN_EMPTY_BODY = YES;
				CLANG_WARN_ENUM_CONVERSION = YES;
				CLANG_WARN_INFINITE_RECURSION = YES;
				CLANG_WARN_INT_CONVERSION = YES;
				CLANG_WARN_NON_LITERAL_NULL_CONVERSION = YES;
				CLANG_WARN_OBJC_IMPLICIT_RETAIN_SELF = YES;
				CLANG_WARN_OBJC_LITERAL_CONVERSION = YES;
				CLANG_WARN_OBJC_ROOT_CLASS = YES_ERROR;
				CLANG_WARN_QUOTED_INCLUDE_IN_FRAMEWORK_HEADER = YES;
				CLANG_WARN_RANGE_LOOP_ANALYSIS = YES;
				CLANG_WARN_STRICT_PROTOTYPES = YES;
				CLANG_WARN_SUSPICIOUS_MOVE = YES;
				CLANG_WARN_UNGUARDED_AVAILABILITY = YES_AGGRESSIVE;
				CLANG_WARN_UNREACHABLE_CODE = YES;
				CLANG_WARN__DUPLICATE_METHOD_MATCH = YES;
				COPY_PHASE_STRIP = NO;
				DEBUG_INFORMATION_FORMAT = "dwarf-with-dsym";
				ENABLE_NS_ASSERTIONS = NO;
				ENABLE_STRICT_OBJC_MSGSEND = YES;
				ENABLE_USER_SCRIPT_SANDBOXING = YES;
				GCC_C_LANGUAGE_STANDARD = gnu17;
				GCC_NO_COMMON_BLOCKS = YES;
				GCC_WARN_64_TO_32_BIT_CONVERSION = YES;
				GCC_WARN_ABOUT_RETURN_TYPE = YES_ERROR;
				GCC_WARN_UNDECLARED_SELECTOR = YES;
				GCC_WARN_UNINITIALIZED_AUTOS = YES_AGGRESSIVE;
				GCC_WARN_UNUSED_FUNCTION = YES;
				GCC_WARN_UNUSED_VARIABLE = YES;
				IPHONEOS_DEPLOYMENT_TARGET = 17.4;
				LOCALIZATION_PREFERS_STRING_CATALOGS = YES;
				MTL_ENABLE_DEBUG_INFO = NO;
				MTL_FAST_MATH = YES;
				SDKROOT = iphoneos;
				SWIFT_COMPILATION_MODE = wholemodule;
				VALIDATE_PRODUCT = YES;
			};
			name = Release;
		};
		3257C48E2C44250900FF44FC /* Debug */ = {
			isa = XCBuildConfiguration;
			buildSettings = {
				ASSETCATALOG_COMPILER_APPICON_NAME = AppIcon;
				ASSETCATALOG_COMPILER_GLOBAL_ACCENT_COLOR_NAME = AccentColor;
				CODE_SIGN_STYLE = Automatic;
				CURRENT_PROJECT_VERSION = 1;
				DEVELOPMENT_ASSET_PATHS = "\"NodesList/Preview Content\"";
				DEVELOPMENT_TEAM = SDHDMZX6K4;
				ENABLE_PREVIEWS = YES;
				GENERATE_INFOPLIST_FILE = YES;
				INFOPLIST_KEY_UIApplicationSceneManifest_Generation = YES;
				INFOPLIST_KEY_UIApplicationSupportsIndirectInputEvents = YES;
				INFOPLIST_KEY_UILaunchScreen_Generation = YES;
				INFOPLIST_KEY_UISupportedInterfaceOrientations_iPad = "UIInterfaceOrientationPortrait UIInterfaceOrientationPortraitUpsideDown UIInterfaceOrientationLandscapeLeft UIInterfaceOrientationLandscapeRight";
				INFOPLIST_KEY_UISupportedInterfaceOrientations_iPhone = "UIInterfaceOrientationPortrait UIInterfaceOrientationLandscapeLeft UIInterfaceOrientationLandscapeRight";
				LD_RUNPATH_SEARCH_PATHS = (
					"$(inherited)",
					"@executable_path/Frameworks",
				);
				MARKETING_VERSION = 1.0;
				PRODUCT_BUNDLE_IDENTIFIER = lucasPaivaPersonal.NodesList;
				PRODUCT_NAME = "$(TARGET_NAME)";
				SWIFT_EMIT_LOC_STRINGS = YES;
				SWIFT_VERSION = 5.0;
				TARGETED_DEVICE_FAMILY = "1,2";
			};
			name = Debug;
		};
		3257C48F2C44250900FF44FC /* Release */ = {
			isa = XCBuildConfiguration;
			buildSettings = {
				ASSETCATALOG_COMPILER_APPICON_NAME = AppIcon;
				ASSETCATALOG_COMPILER_GLOBAL_ACCENT_COLOR_NAME = AccentColor;
				CODE_SIGN_STYLE = Automatic;
				CURRENT_PROJECT_VERSION = 1;
				DEVELOPMENT_ASSET_PATHS = "\"NodesList/Preview Content\"";
				DEVELOPMENT_TEAM = SDHDMZX6K4;
				ENABLE_PREVIEWS = YES;
				GENERATE_INFOPLIST_FILE = YES;
				INFOPLIST_KEY_UIApplicationSceneManifest_Generation = YES;
				INFOPLIST_KEY_UIApplicationSupportsIndirectInputEvents = YES;
				INFOPLIST_KEY_UILaunchScreen_Generation = YES;
				INFOPLIST_KEY_UISupportedInterfaceOrientations_iPad = "UIInterfaceOrientationPortrait UIInterfaceOrientationPortraitUpsideDown UIInterfaceOrientationLandscapeLeft UIInterfaceOrientationLandscapeRight";
				INFOPLIST_KEY_UISupportedInterfaceOrientations_iPhone = "UIInterfaceOrientationPortrait UIInterfaceOrientationLandscapeLeft UIInterfaceOrientationLandscapeRight";
				LD_RUNPATH_SEARCH_PATHS = (
					"$(inherited)",
					"@executable_path/Frameworks",
				);
				MARKETING_VERSION = 1.0;
				PRODUCT_BUNDLE_IDENTIFIER = lucasPaivaPersonal.NodesList;
				PRODUCT_NAME = "$(TARGET_NAME)";
				SWIFT_EMIT_LOC_STRINGS = YES;
				SWIFT_VERSION = 5.0;
				TARGETED_DEVICE_FAMILY = "1,2";
			};
			name = Release;
		};
		3257C4912C44250900FF44FC /* Debug */ = {
			isa = XCBuildConfiguration;
			buildSettings = {
				ALWAYS_EMBED_SWIFT_STANDARD_LIBRARIES = YES;
				BUNDLE_LOADER = "$(TEST_HOST)";
				CODE_SIGN_STYLE = Automatic;
				CURRENT_PROJECT_VERSION = 1;
				DEVELOPMENT_TEAM = SDHDMZX6K4;
				GENERATE_INFOPLIST_FILE = YES;
				IPHONEOS_DEPLOYMENT_TARGET = 17.4;
				MARKETING_VERSION = 1.0;
				PRODUCT_BUNDLE_IDENTIFIER = lucasPaivaPersonal.NodesListTests;
				PRODUCT_NAME = "$(TARGET_NAME)";
				SWIFT_EMIT_LOC_STRINGS = NO;
				SWIFT_VERSION = 5.0;
				TARGETED_DEVICE_FAMILY = "1,2";
				TEST_HOST = "$(BUILT_PRODUCTS_DIR)/NodesList.app/$(BUNDLE_EXECUTABLE_FOLDER_PATH)/NodesList";
			};
			name = Debug;
		};
		3257C4922C44250900FF44FC /* Release */ = {
			isa = XCBuildConfiguration;
			buildSettings = {
				ALWAYS_EMBED_SWIFT_STANDARD_LIBRARIES = YES;
				BUNDLE_LOADER = "$(TEST_HOST)";
				CODE_SIGN_STYLE = Automatic;
				CURRENT_PROJECT_VERSION = 1;
				DEVELOPMENT_TEAM = SDHDMZX6K4;
				GENERATE_INFOPLIST_FILE = YES;
				IPHONEOS_DEPLOYMENT_TARGET = 17.4;
				MARKETING_VERSION = 1.0;
				PRODUCT_BUNDLE_IDENTIFIER = lucasPaivaPersonal.NodesListTests;
				PRODUCT_NAME = "$(TARGET_NAME)";
				SWIFT_EMIT_LOC_STRINGS = NO;
				SWIFT_VERSION = 5.0;
				TARGETED_DEVICE_FAMILY = "1,2";
				TEST_HOST = "$(BUILT_PRODUCTS_DIR)/NodesList.app/$(BUNDLE_EXECUTABLE_FOLDER_PATH)/NodesList";
			};
			name = Release;
		};
		3257C4942C44250900FF44FC /* Debug */ = {
			isa = XCBuildConfiguration;
			buildSettings = {
				ALWAYS_EMBED_SWIFT_STANDARD_LIBRARIES = YES;
				CODE_SIGN_STYLE = Automatic;
				CURRENT_PROJECT_VERSION = 1;
				DEVELOPMENT_TEAM = SDHDMZX6K4;
				GENERATE_INFOPLIST_FILE = YES;
				MARKETING_VERSION = 1.0;
				PRODUCT_BUNDLE_IDENTIFIER = lucasPaivaPersonal.NodesListUITests;
				PRODUCT_NAME = "$(TARGET_NAME)";
				SWIFT_EMIT_LOC_STRINGS = NO;
				SWIFT_VERSION = 5.0;
				TARGETED_DEVICE_FAMILY = "1,2";
				TEST_TARGET_NAME = NodesList;
			};
			name = Debug;
		};
		3257C4952C44250900FF44FC /* Release */ = {
			isa = XCBuildConfiguration;
			buildSettings = {
				ALWAYS_EMBED_SWIFT_STANDARD_LIBRARIES = YES;
				CODE_SIGN_STYLE = Automatic;
				CURRENT_PROJECT_VERSION = 1;
				DEVELOPMENT_TEAM = SDHDMZX6K4;
				GENERATE_INFOPLIST_FILE = YES;
				MARKETING_VERSION = 1.0;
				PRODUCT_BUNDLE_IDENTIFIER = lucasPaivaPersonal.NodesListUITests;
				PRODUCT_NAME = "$(TARGET_NAME)";
				SWIFT_EMIT_LOC_STRINGS = NO;
				SWIFT_VERSION = 5.0;
				TARGETED_DEVICE_FAMILY = "1,2";
				TEST_TARGET_NAME = NodesList;
			};
			name = Release;
		};
/* End XCBuildConfiguration section */

/* Begin XCConfigurationList section */
		3257C4642C44250800FF44FC /* Build configuration list for PBXProject "NodesList" */ = {
			isa = XCConfigurationList;
			buildConfigurations = (
				3257C48B2C44250900FF44FC /* Debug */,
				3257C48C2C44250900FF44FC /* Release */,
			);
			defaultConfigurationIsVisible = 0;
			defaultConfigurationName = Release;
		};
		3257C48D2C44250900FF44FC /* Build configuration list for PBXNativeTarget "NodesList" */ = {
			isa = XCConfigurationList;
			buildConfigurations = (
				3257C48E2C44250900FF44FC /* Debug */,
				3257C48F2C44250900FF44FC /* Release */,
			);
			defaultConfigurationIsVisible = 0;
			defaultConfigurationName = Release;
		};
		3257C4902C44250900FF44FC /* Build configuration list for PBXNativeTarget "NodesListTests" */ = {
			isa = XCConfigurationList;
			buildConfigurations = (
				3257C4912C44250900FF44FC /* Debug */,
				3257C4922C44250900FF44FC /* Release */,
			);
			defaultConfigurationIsVisible = 0;
			defaultConfigurationName = Release;
		};
		3257C4932C44250900FF44FC /* Build configuration list for PBXNativeTarget "NodesListUITests" */ = {
			isa = XCConfigurationList;
			buildConfigurations = (
				3257C4942C44250900FF44FC /* Debug */,
				3257C4952C44250900FF44FC /* Release */,
			);
			defaultConfigurationIsVisible = 0;
			defaultConfigurationName = Release;
		};
/* End XCConfigurationList section */
	};
	rootObject = 3257C4612C44250800FF44FC /* Project object */;
}
